
Microsoft Visual Studio Solution File, Format Version 12.00
# Visual Studio Version 16
VisualStudioVersion = 16.0.31424.327
MinimumVisualStudioVersion = 10.0.40219.1
Project("{FAE04EC0-301F-11D3-BF4B-00C04F79EFBC}") = "WpfApp2", "WpfApp2.csproj", "{6CC65880-330D-4B31-B8AB-97D5D646605D}"
EndProject
Global
	GlobalSection(SolutionConfigurationPlatforms) = preSolution
		Debug|Any CPU = Debug|Any CPU
		Release|Any CPU = Release|Any CPU
	EndGlobalSection
	GlobalSection(ProjectConfigurationPlatforms) = postSolution
		{6CC65880-330D-4B31-B8AB-97D5D646605D}.Debug|Any CPU.ActiveCfg = Debug|Any CPU
		{6CC65880-330D-4B31-B8AB-97D5D646605D}.Debug|Any CPU.Build.0 = Debug|Any CPU
		{6CC65880-330D-4B31-B8AB-97D5D646605D}.Release|Any CPU.ActiveCfg = Release|Any CPU
		{6CC65880-330D-4B31-B8AB-97D5D646605D}.Release|Any CPU.Build.0 = Release|Any CPU
	EndGlobalSection
	GlobalSection(SolutionProperties) = preSolution
		HideSolutionNode = FALSE
	EndGlobalSection
	GlobalSection(ExtensibilityGlobals) = postSolution
		SolutionGuid = {CEE1BEE3-6E68-496E-85DA-2C3136FABEE5}
	EndGlobalSection
EndGlobal
